PODS:
  - Google-Mobile-Ads-SDK (7.6.0)
  - MBProgressHUD (0.9.1)
  - UIColor_Hex_Swift (1.8)

DEPENDENCIES:
  - Google-Mobile-Ads-SDK
  - MBProgressHUD
  - UIColor_Hex_Swift (~> 1.5)

SPEC CHECKSUMS:
  Google-Mobile-Ads-SDK: 0290020329c61183c4685304264b73382bc49fb4
  MBProgressHUD: c47f2c166c126cf2ce36498d80f33e754d4e93ad
  UIColor_Hex_Swift: a66b9d5f6e8fddbd9fe32996504f0b7e9d20d680

COCOAPODS: 0.38.2
